// !$*UTF8*$!
{
	archiveVersion = 1;
	classes = {
	};
	objectVersion = 50;
	objects = {

/* Begin PBXFileReference section */
		41E48CB32643283300ADF435 /* sim_helper.py */ = {isa = PBXFileReference; lastKnownFileType = text.script.python; path = sim_helper.py; sourceTree = "<group>"; };
		41E48CB42643E78B00ADF435 /* fit_functions.py */ = {isa = PBXFileReference; lastKnownFileType = text.script.python; path = fit_functions.py; sourceTree = "<group>"; };
/* End PBXFileReference section */

/* Begin PBXGroup section */
		41E48CAC2643281100ADF435 = {
			isa = PBXGroup;
			children = (
				41E48CB32643283300ADF435 /* sim_helper.py */,
				41E48CB42643E78B00ADF435 /* fit_functions.py */,
			);
			sourceTree = "<group>";
		};
/* End PBXGroup section */

/* Begin PBXProject section */
		41E48CAD2643281100ADF435 /* Project object */ = {
			isa = PBXProject;
			attributes = {
				LastUpgradeCheck = 1240;
			};
			buildConfigurationList = 41E48CB02643281100ADF435 /* Build configuration list for PBXProject "broadband_LDF_fit" */;
			compatibilityVersion = "Xcode 9.3";
			developmentRegion = en;
			hasScannedForEncodings = 0;
			knownRegions = (
				en,
				Base,
			);
			mainGroup = 41E48CAC2643281100ADF435;
			projectDirPath = "";
			projectRoot = "";
			targets = (
			);
		};
/* End PBXProject section */

/* Begin XCBuildConfiguration section */
		41E48CB12643281100ADF435 /* Debug */ = {
			isa = XCBuildConfiguration;
			buildSettings = {
			};
			name = Debug;
		};
		41E48CB22643281100ADF435 /* Release */ = {
			isa = XCBuildConfiguration;
			buildSettings = {
			};
			name = Release;
		};
/* End XCBuildConfiguration section */

/* Begin XCConfigurationList section */
		41E48CB02643281100ADF435 /* Build configuration list for PBXProject "broadband_LDF_fit" */ = {
			isa = XCConfigurationList;
			buildConfigurations = (
				41E48CB12643281100ADF435 /* Debug */,
				41E48CB22643281100ADF435 /* Release */,
			);
			defaultConfigurationIsVisible = 0;
			defaultConfigurationName = Release;
		};
/* End XCConfigurationList section */
	};
	rootObject = 41E48CAD2643281100ADF435 /* Project object */;
}
